// !$*UTF8*$!
{
	archiveVersion = 1;
	classes = {
	};
	objectVersion = 50;
	objects = {

/* Begin PBXBuildFile section */
		CE019BB325C00AC10062EF3C /* Collection+Extension.swift in Sources */ = {isa = PBXBuildFile; fileRef = CE019BB225C00AC10062EF3C /* Collection+Extension.swift */; };
		CE1AF82F25C1DF360050114F /* SearchViewController.swift in Sources */ = {isa = PBXBuildFile; fileRef = CE1AF82E25C1DF360050114F /* SearchViewController.swift */; };
		CE1AF83325C1DFFD0050114F /* SearchViewController.storyboard in Resources */ = {isa = PBXBuildFile; fileRef = CE1AF83225C1DFFD0050114F /* SearchViewController.storyboard */; };
		CE1AF83625C2B30A0050114F /* PickerViewContentType.swift in Sources */ = {isa = PBXBuildFile; fileRef = CE1AF83525C2B30A0050114F /* PickerViewContentType.swift */; };
		CE1AF84125C450C90050114F /* UIView+Extension.swift in Sources */ = {isa = PBXBuildFile; fileRef = CE1AF84025C450C90050114F /* UIView+Extension.swift */; };
		CE1AF84625C47E510050114F /* Constants.swift in Sources */ = {isa = PBXBuildFile; fileRef = CE1AF84525C47E510050114F /* Constants.swift */; };
		CE1AF84E25C52EDE0050114F /* Colors.xcassets in Resources */ = {isa = PBXBuildFile; fileRef = CE1AF84D25C52EDE0050114F /* Colors.xcassets */; };
		CE1AF85125C53C8B0050114F /* Images.xcassets in Resources */ = {isa = PBXBuildFile; fileRef = CE1AF85025C53C8B0050114F /* Images.xcassets */; };
		CE2BCBAC25CD7C2100C08E6A /* PlayerViewModel.swift in Sources */ = {isa = PBXBuildFile; fileRef = CE2BCBAB25CD7C2100C08E6A /* PlayerViewModel.swift */; };
		CE2BCBAF25CF0E5200C08E6A /* MainViewModel.swift in Sources */ = {isa = PBXBuildFile; fileRef = CE2BCBAE25CF0E5200C08E6A /* MainViewModel.swift */; };
		CE4883D325B4ACE700BCB7F9 /* AppDelegate.swift in Sources */ = {isa = PBXBuildFile; fileRef = CE4883D225B4ACE700BCB7F9 /* AppDelegate.swift */; };
		CE4883D725B4ACE700BCB7F9 /* MainViewController.swift in Sources */ = {isa = PBXBuildFile; fileRef = CE4883D625B4ACE700BCB7F9 /* MainViewController.swift */; };
		CE4883DA25B4ACE700BCB7F9 /* MainFlow.storyboard in Resources */ = {isa = PBXBuildFile; fileRef = CE4883D825B4ACE700BCB7F9 /* MainFlow.storyboard */; };
		CE4883DD25B4ACE700BCB7F9 /* SportsTeam.xcdatamodeld in Sources */ = {isa = PBXBuildFile; fileRef = CE4883DB25B4ACE700BCB7F9 /* SportsTeam.xcdatamodeld */; };
		CE4883DF25B4ACEA00BCB7F9 /* Icons.xcassets in Resources */ = {isa = PBXBuildFile; fileRef = CE4883DE25B4ACEA00BCB7F9 /* Icons.xcassets */; };
		CE4883E225B4ACEA00BCB7F9 /* LaunchScreen.storyboard in Resources */ = {isa = PBXBuildFile; fileRef = CE4883E025B4ACEA00BCB7F9 /* LaunchScreen.storyboard */; };
		CE4883F525B5649700BCB7F9 /* CoreDataManager.swift in Sources */ = {isa = PBXBuildFile; fileRef = CE4883F425B5649700BCB7F9 /* CoreDataManager.swift */; };
		CE48840725B602E300BCB7F9 /* PlayerCell.swift in Sources */ = {isa = PBXBuildFile; fileRef = CE48840625B602E300BCB7F9 /* PlayerCell.swift */; };
		CE48840F25B60C0300BCB7F9 /* PlayerViewController.swift in Sources */ = {isa = PBXBuildFile; fileRef = CE48840E25B60C0300BCB7F9 /* PlayerViewController.swift */; };
		CE9E159D25C5C9FF003D8E93 /* String+Extension.swift in Sources */ = {isa = PBXBuildFile; fileRef = CE9E159C25C5C9FF003D8E93 /* String+Extension.swift */; };
		CEA8725F25C16A4000AE4BD2 /* FilterState.swift in Sources */ = {isa = PBXBuildFile; fileRef = CEA8725E25C16A4000AE4BD2 /* FilterState.swift */; };
		CEBF6F1825C93131009374A0 /* Array+Extension.swift in Sources */ = {isa = PBXBuildFile; fileRef = CEBF6F1725C93131009374A0 /* Array+Extension.swift */; };
		CEBF6F1C25CA7857009374A0 /* AgeOperatorState.swift in Sources */ = {isa = PBXBuildFile; fileRef = CEBF6F1B25CA7857009374A0 /* AgeOperatorState.swift */; };
		CEE04A4D25BDCF48004ACB57 /* PlayersDataModel.swift in Sources */ = {isa = PBXBuildFile; fileRef = CEE04A4C25BDCF48004ACB57 /* PlayersDataModel.swift */; };
		CEEC84BD25CCFD4100B87791 /* PlayerCellViewModel.swift in Sources */ = {isa = PBXBuildFile; fileRef = CEEC84BC25CCFD4100B87791 /* PlayerCellViewModel.swift */; };
		CEEC84C125CD0A2E00B87791 /* SearchViewModel.swift in Sources */ = {isa = PBXBuildFile; fileRef = CEEC84C025CD0A2E00B87791 /* SearchViewModel.swift */; };
/* End PBXBuildFile section */

/* Begin PBXFileReference section */
		CE019BB225C00AC10062EF3C /* Collection+Extension.swift */ = {isa = PBXFileReference; lastKnownFileType = sourcecode.swift; path = "Collection+Extension.swift"; sourceTree = "<group>"; };
		CE1AF82E25C1DF360050114F /* SearchViewController.swift */ = {isa = PBXFileReference; lastKnownFileType = sourcecode.swift; path = SearchViewController.swift; sourceTree = "<group>"; };
		CE1AF83225C1DFFD0050114F /* SearchViewController.storyboard */ = {isa = PBXFileReference; lastKnownFileType = file.storyboard; path = SearchViewController.storyboard; sourceTree = "<group>"; };
		CE1AF83525C2B30A0050114F /* PickerViewContentType.swift */ = {isa = PBXFileReference; lastKnownFileType = sourcecode.swift; path = PickerViewContentType.swift; sourceTree = "<group>"; };
		CE1AF84025C450C90050114F /* UIView+Extension.swift */ = {isa = PBXFileReference; lastKnownFileType = sourcecode.swift; path = "UIView+Extension.swift"; sourceTree = "<group>"; };
		CE1AF84525C47E510050114F /* Constants.swift */ = {isa = PBXFileReference; lastKnownFileType = sourcecode.swift; path = Constants.swift; sourceTree = "<group>"; };
		CE1AF84D25C52EDE0050114F /* Colors.xcassets */ = {isa = PBXFileReference; lastKnownFileType = folder.assetcatalog; path = Colors.xcassets; sourceTree = "<group>"; };
		CE1AF85025C53C8B0050114F /* Images.xcassets */ = {isa = PBXFileReference; lastKnownFileType = folder.assetcatalog; path = Images.xcassets; sourceTree = "<group>"; };
		CE2BCBAB25CD7C2100C08E6A /* PlayerViewModel.swift */ = {isa = PBXFileReference; lastKnownFileType = sourcecode.swift; path = PlayerViewModel.swift; sourceTree = "<group>"; };
		CE2BCBAE25CF0E5200C08E6A /* MainViewModel.swift */ = {isa = PBXFileReference; lastKnownFileType = sourcecode.swift; path = MainViewModel.swift; sourceTree = "<group>"; };
		CE4883CF25B4ACE700BCB7F9 /* SportsTeamManager.app */ = {isa = PBXFileReference; explicitFileType = wrapper.application; includeInIndex = 0; path = SportsTeamManager.app; sourceTree = BUILT_PRODUCTS_DIR; };
		CE4883D225B4ACE700BCB7F9 /* AppDelegate.swift */ = {isa = PBXFileReference; lastKnownFileType = sourcecode.swift; path = AppDelegate.swift; sourceTree = "<group>"; };
		CE4883D625B4ACE700BCB7F9 /* MainViewController.swift */ = {isa = PBXFileReference; lastKnownFileType = sourcecode.swift; path = MainViewController.swift; sourceTree = "<group>"; };
		CE4883D925B4ACE700BCB7F9 /* Base */ = {isa = PBXFileReference; lastKnownFileType = file.storyboard; name = Base; path = Base.lproj/MainFlow.storyboard; sourceTree = "<group>"; };
		CE4883DC25B4ACE700BCB7F9 /* SportsTeamManager.xcdatamodel */ = {isa = PBXFileReference; lastKnownFileType = wrapper.xcdatamodel; path = SportsTeamManager.xcdatamodel; sourceTree = "<group>"; };
		CE4883DE25B4ACEA00BCB7F9 /* Icons.xcassets */ = {isa = PBXFileReference; lastKnownFileType = folder.assetcatalog; path = Icons.xcassets; sourceTree = "<group>"; };
		CE4883E125B4ACEA00BCB7F9 /* Base */ = {isa = PBXFileReference; lastKnownFileType = file.storyboard; name = Base; path = Base.lproj/LaunchScreen.storyboard; sourceTree = "<group>"; };
		CE4883E325B4ACEA00BCB7F9 /* Info.plist */ = {isa = PBXFileReference; lastKnownFileType = text.plist.xml; path = Info.plist; sourceTree = "<group>"; };
		CE4883F425B5649700BCB7F9 /* CoreDataManager.swift */ = {isa = PBXFileReference; lastKnownFileType = sourcecode.swift; path = CoreDataManager.swift; sourceTree = "<group>"; };
		CE48840625B602E300BCB7F9 /* PlayerCell.swift */ = {isa = PBXFileReference; lastKnownFileType = sourcecode.swift; path = PlayerCell.swift; sourceTree = "<group>"; };
		CE48840E25B60C0300BCB7F9 /* PlayerViewController.swift */ = {isa = PBXFileReference; lastKnownFileType = sourcecode.swift; path = PlayerViewController.swift; sourceTree = "<group>"; };
		CE9E159C25C5C9FF003D8E93 /* String+Extension.swift */ = {isa = PBXFileReference; lastKnownFileType = sourcecode.swift; path = "String+Extension.swift"; sourceTree = "<group>"; };
		CEA8725E25C16A4000AE4BD2 /* FilterState.swift */ = {isa = PBXFileReference; lastKnownFileType = sourcecode.swift; path = FilterState.swift; sourceTree = "<group>"; };
		CEBF6F1725C93131009374A0 /* Array+Extension.swift */ = {isa = PBXFileReference; lastKnownFileType = sourcecode.swift; path = "Array+Extension.swift"; sourceTree = "<group>"; };
		CEBF6F1B25CA7857009374A0 /* AgeOperatorState.swift */ = {isa = PBXFileReference; lastKnownFileType = sourcecode.swift; path = AgeOperatorState.swift; sourceTree = "<group>"; };
		CEE04A4C25BDCF48004ACB57 /* PlayersDataModel.swift */ = {isa = PBXFileReference; lastKnownFileType = sourcecode.swift; path = PlayersDataModel.swift; sourceTree = "<group>"; };
		CEEC84BC25CCFD4100B87791 /* PlayerCellViewModel.swift */ = {isa = PBXFileReference; lastKnownFileType = sourcecode.swift; path = PlayerCellViewModel.swift; sourceTree = "<group>"; };
		CEEC84C025CD0A2E00B87791 /* SearchViewModel.swift */ = {isa = PBXFileReference; lastKnownFileType = sourcecode.swift; path = SearchViewModel.swift; sourceTree = "<group>"; };
/* End PBXFileReference section */

/* Begin PBXFrameworksBuildPhase section */
		CE4883CC25B4ACE700BCB7F9 /* Frameworks */ = {
			isa = PBXFrameworksBuildPhase;
			buildActionMask = 2147483647;
			files = (
			);
			runOnlyForDeploymentPostprocessing = 0;
		};
/* End PBXFrameworksBuildPhase section */

/* Begin PBXGroup section */
		CE1AF82D25C1DF010050114F /* Search */ = {
			isa = PBXGroup;
			children = (
				CE1AF82E25C1DF360050114F /* SearchViewController.swift */,
				CEEC84C025CD0A2E00B87791 /* SearchViewModel.swift */,
			);
			path = Search;
			sourceTree = "<group>";
		};
		CE1AF83825C2B3410050114F /* Helpers */ = {
			isa = PBXGroup;
			children = (
				CE1AF84525C47E510050114F /* Constants.swift */,
				CEA8725E25C16A4000AE4BD2 /* FilterState.swift */,
				CE1AF83525C2B30A0050114F /* PickerViewContentType.swift */,
				CEBF6F1B25CA7857009374A0 /* AgeOperatorState.swift */,
			);
			path = Helpers;
			sourceTree = "<group>";
		};
		CE1AF83A25C2B3970050114F /* Extensions */ = {
			isa = PBXGroup;
			children = (
				CE019BB225C00AC10062EF3C /* Collection+Extension.swift */,
				CE1AF84025C450C90050114F /* UIView+Extension.swift */,
				CE9E159C25C5C9FF003D8E93 /* String+Extension.swift */,
				CEBF6F1725C93131009374A0 /* Array+Extension.swift */,
			);
			path = Extensions;
			sourceTree = "<group>";
		};
		CE4883C625B4ACE600BCB7F9 = {
			isa = PBXGroup;
			children = (
				CE4883D125B4ACE700BCB7F9 /* SportsTeamManager */,
				CE4883D025B4ACE700BCB7F9 /* Products */,
			);
			sourceTree = "<group>";
		};
		CE4883D025B4ACE700BCB7F9 /* Products */ = {
			isa = PBXGroup;
			children = (
				CE4883CF25B4ACE700BCB7F9 /* SportsTeamManager.app */,
			);
			name = Products;
			sourceTree = "<group>";
		};
		CE4883D125B4ACE700BCB7F9 /* SportsTeamManager */ = {
			isa = PBXGroup;
			children = (
				CE4883D225B4ACE700BCB7F9 /* AppDelegate.swift */,
				CE4883F325B5647600BCB7F9 /* Model */,
				CE4883EE25B563F800BCB7F9 /* Views, ViewModels */,
				CEEC84AF25CBC17600B87791 /* Storyboards */,
				CE48842725BB077D00BCB7F9 /* Additional Files */,
				CE4883EB25B5636900BCB7F9 /* Resources */,
				CE4883EC25B5638C00BCB7F9 /* Supporting Files */,
			);
			path = SportsTeamManager;
			sourceTree = "<group>";
		};
		CE4883EB25B5636900BCB7F9 /* Resources */ = {
			isa = PBXGroup;
			children = (
				CE4883DE25B4ACEA00BCB7F9 /* Icons.xcassets */,
				CE1AF84D25C52EDE0050114F /* Colors.xcassets */,
				CE1AF85025C53C8B0050114F /* Images.xcassets */,
			);
			path = Resources;
			sourceTree = "<group>";
		};
		CE4883EC25B5638C00BCB7F9 /* Supporting Files */ = {
			isa = PBXGroup;
			children = (
				CE4883E025B4ACEA00BCB7F9 /* LaunchScreen.storyboard */,
				CE4883E325B4ACEA00BCB7F9 /* Info.plist */,
			);
			path = "Supporting Files";
			sourceTree = "<group>";
		};
		CE4883EE25B563F800BCB7F9 /* Views, ViewModels */ = {
			isa = PBXGroup;
			children = (
				CE48840325B6029300BCB7F9 /* Main */,
				CE1AF82D25C1DF010050114F /* Search */,
				CE48840D25B60BE300BCB7F9 /* Player */,
			);
			path = "Views, ViewModels";
			sourceTree = "<group>";
		};
		CE4883F325B5647600BCB7F9 /* Model */ = {
			isa = PBXGroup;
			children = (
				CEE04A4C25BDCF48004ACB57 /* PlayersDataModel.swift */,
				CEE04A4A25BDCF1C004ACB57 /* CoreData */,
			);
			path = Model;
			sourceTree = "<group>";
		};
		CE48840325B6029300BCB7F9 /* Main */ = {
			isa = PBXGroup;
			children = (
				CE4883D625B4ACE700BCB7F9 /* MainViewController.swift */,
				CE2BCBAE25CF0E5200C08E6A /* MainViewModel.swift */,
				CE48840525B602B400BCB7F9 /* PlayerCell */,
			);
			path = Main;
			sourceTree = "<group>";
		};
		CE48840525B602B400BCB7F9 /* PlayerCell */ = {
			isa = PBXGroup;
			children = (
				CE48840625B602E300BCB7F9 /* PlayerCell.swift */,
				CEEC84BC25CCFD4100B87791 /* PlayerCellViewModel.swift */,
			);
			path = PlayerCell;
			sourceTree = "<group>";
		};
		CE48840D25B60BE300BCB7F9 /* Player */ = {
			isa = PBXGroup;
			children = (
				CE48840E25B60C0300BCB7F9 /* PlayerViewController.swift */,
				CE2BCBAB25CD7C2100C08E6A /* PlayerViewModel.swift */,
			);
			path = Player;
			sourceTree = "<group>";
		};
		CE48842725BB077D00BCB7F9 /* Additional Files */ = {
			isa = PBXGroup;
			children = (
				CE1AF83825C2B3410050114F /* Helpers */,
				CE1AF83A25C2B3970050114F /* Extensions */,
			);
			path = "Additional Files";
			sourceTree = "<group>";
		};
		CEE04A4A25BDCF1C004ACB57 /* CoreData */ = {
			isa = PBXGroup;
			children = (
				CE4883F425B5649700BCB7F9 /* CoreDataManager.swift */,
				CE4883DB25B4ACE700BCB7F9 /* SportsTeam.xcdatamodeld */,
			);
			path = CoreData;
			sourceTree = "<group>";
		};
		CEEC84AF25CBC17600B87791 /* Storyboards */ = {
			isa = PBXGroup;
			children = (
				CE4883D825B4ACE700BCB7F9 /* MainFlow.storyboard */,
				CE1AF83225C1DFFD0050114F /* SearchViewController.storyboard */,
			);
			path = Storyboards;
			sourceTree = "<group>";
		};
/* End PBXGroup section */

/* Begin PBXNativeTarget section */
		CE4883CE25B4ACE700BCB7F9 /* SportsTeamManager */ = {
			isa = PBXNativeTarget;
			buildConfigurationList = CE4883E625B4ACEA00BCB7F9 /* Build configuration list for PBXNativeTarget "SportsTeamManager" */;
			buildPhases = (
				CE4883CB25B4ACE700BCB7F9 /* Sources */,
				CE4883CC25B4ACE700BCB7F9 /* Frameworks */,
				CE4883CD25B4ACE700BCB7F9 /* Resources */,
			);
			buildRules = (
			);
			dependencies = (
			);
			name = SportsTeamManager;
			productName = SportsTeamManager;
			productReference = CE4883CF25B4ACE700BCB7F9 /* SportsTeamManager.app */;
			productType = "com.apple.product-type.application";
		};
/* End PBXNativeTarget section */

/* Begin PBXProject section */
		CE4883C725B4ACE600BCB7F9 /* Project object */ = {
			isa = PBXProject;
			attributes = {
				LastSwiftUpdateCheck = 1230;
				LastUpgradeCheck = 1230;
				TargetAttributes = {
					CE4883CE25B4ACE700BCB7F9 = {
						CreatedOnToolsVersion = 12.3;
					};
				};
			};
			buildConfigurationList = CE4883CA25B4ACE600BCB7F9 /* Build configuration list for PBXProject "SportsTeamManager" */;
			compatibilityVersion = "Xcode 9.3";
			developmentRegion = en;
			hasScannedForEncodings = 0;
			knownRegions = (
				en,
				Base,
			);
			mainGroup = CE4883C625B4ACE600BCB7F9;
			productRefGroup = CE4883D025B4ACE700BCB7F9 /* Products */;
			projectDirPath = "";
			projectRoot = "";
			targets = (
				CE4883CE25B4ACE700BCB7F9 /* SportsTeamManager */,
			);
		};
/* End PBXProject section */

/* Begin PBXResourcesBuildPhase section */
		CE4883CD25B4ACE700BCB7F9 /* Resources */ = {
			isa = PBXResourcesBuildPhase;
			buildActionMask = 2147483647;
			files = (
				CE4883E225B4ACEA00BCB7F9 /* LaunchScreen.storyboard in Resources */,
				CE4883DF25B4ACEA00BCB7F9 /* Icons.xcassets in Resources */,
				CE1AF85125C53C8B0050114F /* Images.xcassets in Resources */,
				CE1AF84E25C52EDE0050114F /* Colors.xcassets in Resources */,
				CE1AF83325C1DFFD0050114F /* SearchViewController.storyboard in Resources */,
				CE4883DA25B4ACE700BCB7F9 /* MainFlow.storyboard in Resources */,
			);
			runOnlyForDeploymentPostprocessing = 0;
		};
/* End PBXResourcesBuildPhase section */

/* Begin PBXSourcesBuildPhase section */
		CE4883CB25B4ACE700BCB7F9 /* Sources */ = {
			isa = PBXSourcesBuildPhase;
			buildActionMask = 2147483647;
			files = (
				CE1AF83625C2B30A0050114F /* PickerViewContentType.swift in Sources */,
				CE1AF84125C450C90050114F /* UIView+Extension.swift in Sources */,
				CE4883D725B4ACE700BCB7F9 /* MainViewController.swift in Sources */,
				CE1AF82F25C1DF360050114F /* SearchViewController.swift in Sources */,
				CEEC84BD25CCFD4100B87791 /* PlayerCellViewModel.swift in Sources */,
				CEE04A4D25BDCF48004ACB57 /* PlayersDataModel.swift in Sources */,
				CEEC84C125CD0A2E00B87791 /* SearchViewModel.swift in Sources */,
				CE4883D325B4ACE700BCB7F9 /* AppDelegate.swift in Sources */,
				CEBF6F1825C93131009374A0 /* Array+Extension.swift in Sources */,
				CE2BCBAC25CD7C2100C08E6A /* PlayerViewModel.swift in Sources */,
				CE48840725B602E300BCB7F9 /* PlayerCell.swift in Sources */,
				CE1AF84625C47E510050114F /* Constants.swift in Sources */,
				CE9E159D25C5C9FF003D8E93 /* String+Extension.swift in Sources */,
				CE4883F525B5649700BCB7F9 /* CoreDataManager.swift in Sources */,
				CEBF6F1C25CA7857009374A0 /* AgeOperatorState.swift in Sources */,
				CE2BCBAF25CF0E5200C08E6A /* MainViewModel.swift in Sources */,
				CE4883DD25B4ACE700BCB7F9 /* SportsTeam.xcdatamodeld in Sources */,
				CE48840F25B60C0300BCB7F9 /* PlayerViewController.swift in Sources */,
				CE019BB325C00AC10062EF3C /* Collection+Extension.swift in Sources */,
				CEA8725F25C16A4000AE4BD2 /* FilterState.swift in Sources */,
			);
			runOnlyForDeploymentPostprocessing = 0;
		};
/* End PBXSourcesBuildPhase section */

/* Begin PBXVariantGroup section */
		CE4883D825B4ACE700BCB7F9 /* MainFlow.storyboard */ = {
			isa = PBXVariantGroup;
			children = (
				CE4883D925B4ACE700BCB7F9 /* Base */,
			);
			name = MainFlow.storyboard;
			sourceTree = "<group>";
		};
		CE4883E025B4ACEA00BCB7F9 /* LaunchScreen.storyboard */ = {
			isa = PBXVariantGroup;
			children = (
				CE4883E125B4ACEA00BCB7F9 /* Base */,
			);
			name = LaunchScreen.storyboard;
			sourceTree = "<group>";
		};
/* End PBXVariantGroup section */

/* Begin XCBuildConfiguration section */
		CE4883E425B4ACEA00BCB7F9 /* Debug */ = {
			isa = XCBuildConfiguration;
			buildSettings = {
				ALWAYS_SEARCH_USER_PATHS = NO;
				CLANG_ANALYZER_NONNULL = YES;
				CLANG_ANALYZER_NUMBER_OBJECT_CONVERSION = YES_AGGRESSIVE;
				CLANG_CXX_LANGUAGE_STANDARD = "gnu++14";
				CLANG_CXX_LIBRARY = "libc++";
				CLANG_ENABLE_MODULES = YES;
				CLANG_ENABLE_OBJC_ARC = YES;
				CLANG_ENABLE_OBJC_WEAK = YES;
				CLANG_WARN_BLOCK_CAPTURE_AUTORELEASING = YES;
				CLANG_WARN_BOOL_CONVERSION = YES;
				CLANG_WARN_COMMA = YES;
				CLANG_WARN_CONSTANT_CONVERSION = YES;
				CLANG_WARN_DEPRECATED_OBJC_IMPLEMENTATIONS = YES;
				CLANG_WARN_DIRECT_OBJC_ISA_USAGE = YES_ERROR;
				CLANG_WARN_DOCUMENTATION_COMMENTS = YES;
				CLANG_WARN_EMPTY_BODY = YES;
				CLANG_WARN_ENUM_CONVERSION = YES;
				CLANG_WARN_INFINITE_RECURSION = YES;
				CLANG_WARN_INT_CONVERSION = YES;
				CLANG_WARN_NON_LITERAL_NULL_CONVERSION = YES;
				CLANG_WARN_OBJC_IMPLICIT_RETAIN_SELF = YES;
				CLANG_WARN_OBJC_LITERAL_CONVERSION = YES;
				CLANG_WARN_OBJC_ROOT_CLASS = YES_ERROR;
				CLANG_WARN_QUOTED_INCLUDE_IN_FRAMEWORK_HEADER = YES;
				CLANG_WARN_RANGE_LOOP_ANALYSIS = YES;
				CLANG_WARN_STRICT_PROTOTYPES = YES;
				CLANG_WARN_SUSPICIOUS_MOVE = YES;
				CLANG_WARN_UNGUARDED_AVAILABILITY = YES_AGGRESSIVE;
				CLANG_WARN_UNREACHABLE_CODE = YES;
				CLANG_WARN__DUPLICATE_METHOD_MATCH = YES;
				COPY_PHASE_STRIP = NO;
				DEBUG_INFORMATION_FORMAT = dwarf;
				ENABLE_STRICT_OBJC_MSGSEND = YES;
				ENABLE_TESTABILITY = YES;
				GCC_C_LANGUAGE_STANDARD = gnu11;
				GCC_DYNAMIC_NO_PIC = NO;
				GCC_NO_COMMON_BLOCKS = YES;
				GCC_OPTIMIZATION_LEVEL = 0;
				GCC_PREPROCESSOR_DEFINITIONS = (
					"DEBUG=1",
					"$(inherited)",
				);
				GCC_WARN_64_TO_32_BIT_CONVERSION = YES;
				GCC_WARN_ABOUT_RETURN_TYPE = YES_ERROR;
				GCC_WARN_UNDECLARED_SELECTOR = YES;
				GCC_WARN_UNINITIALIZED_AUTOS = YES_AGGRESSIVE;
				GCC_WARN_UNUSED_FUNCTION = YES;
				GCC_WARN_UNUSED_VARIABLE = YES;
				IPHONEOS_DEPLOYMENT_TARGET = 14.3;
				MTL_ENABLE_DEBUG_INFO = INCLUDE_SOURCE;
				MTL_FAST_MATH = YES;
				ONLY_ACTIVE_ARCH = YES;
				SDKROOT = iphoneos;
				SWIFT_ACTIVE_COMPILATION_CONDITIONS = DEBUG;
				SWIFT_OPTIMIZATION_LEVEL = "-Onone";
			};
			name = Debug;
		};
		CE4883E525B4ACEA00BCB7F9 /* Release */ = {
			isa = XCBuildConfiguration;
			buildSettings = {
				ALWAYS_SEARCH_USER_PATHS = NO;
				CLANG_ANALYZER_NONNULL = YES;
				CLANG_ANALYZER_NUMBER_OBJECT_CONVERSION = YES_AGGRESSIVE;
				CLANG_CXX_LANGUAGE_STANDARD = "gnu++14";
				CLANG_CXX_LIBRARY = "libc++";
				CLANG_ENABLE_MODULES = YES;
				CLANG_ENABLE_OBJC_ARC = YES;
				CLANG_ENABLE_OBJC_WEAK = YES;
				CLANG_WARN_BLOCK_CAPTURE_AUTORELEASING = YES;
				CLANG_WARN_BOOL_CONVERSION = YES;
				CLANG_WARN_COMMA = YES;
				CLANG_WARN_CONSTANT_CONVERSION = YES;
				CLANG_WARN_DEPRECATED_OBJC_IMPLEMENTATIONS = YES;
				CLANG_WARN_DIRECT_OBJC_ISA_USAGE = YES_ERROR;
				CLANG_WARN_DOCUMENTATION_COMMENTS = YES;
				CLANG_WARN_EMPTY_BODY = YES;
				CLANG_WARN_ENUM_CONVERSION = YES;
				CLANG_WARN_INFINITE_RECURSION = YES;
				CLANG_WARN_INT_CONVERSION = YES;
				CLANG_WARN_NON_LITERAL_NULL_CONVERSION = YES;
				CLANG_WARN_OBJC_IMPLICIT_RETAIN_SELF = YES;
				CLANG_WARN_OBJC_LITERAL_CONVERSION = YES;
				CLANG_WARN_OBJC_ROOT_CLASS = YES_ERROR;
				CLANG_WARN_QUOTED_INCLUDE_IN_FRAMEWORK_HEADER = YES;
				CLANG_WARN_RANGE_LOOP_ANALYSIS = YES;
				CLANG_WARN_STRICT_PROTOTYPES = YES;
				CLANG_WARN_SUSPICIOUS_MOVE = YES;
				CLANG_WARN_UNGUARDED_AVAILABILITY = YES_AGGRESSIVE;
				CLANG_WARN_UNREACHABLE_CODE = YES;
				CLANG_WARN__DUPLICATE_METHOD_MATCH = YES;
				COPY_PHASE_STRIP = NO;
				DEBUG_INFORMATION_FORMAT = "dwarf-with-dsym";
				ENABLE_NS_ASSERTIONS = NO;
				ENABLE_STRICT_OBJC_MSGSEND = YES;
				GCC_C_LANGUAGE_STANDARD = gnu11;
				GCC_NO_COMMON_BLOCKS = YES;
				GCC_WARN_64_TO_32_BIT_CONVERSION = YES;
				GCC_WARN_ABOUT_RETURN_TYPE = YES_ERROR;
				GCC_WARN_UNDECLARED_SELECTOR = YES;
				GCC_WARN_UNINITIALIZED_AUTOS = YES_AGGRESSIVE;
				GCC_WARN_UNUSED_FUNCTION = YES;
				GCC_WARN_UNUSED_VARIABLE = YES;
				IPHONEOS_DEPLOYMENT_TARGET = 14.3;
				MTL_ENABLE_DEBUG_INFO = NO;
				MTL_FAST_MATH = YES;
				SDKROOT = iphoneos;
				SWIFT_COMPILATION_MODE = wholemodule;
				SWIFT_OPTIMIZATION_LEVEL = "-O";
				VALIDATE_PRODUCT = YES;
			};
			name = Release;
		};
		CE4883E725B4ACEA00BCB7F9 /* Debug */ = {
			isa = XCBuildConfiguration;
			buildSettings = {
				ASSETCATALOG_COMPILER_APPICON_NAME = AppIcon;
				ASSETCATALOG_COMPILER_GLOBAL_ACCENT_COLOR_NAME = AccentColor;
				CODE_SIGN_STYLE = Automatic;
				DEVELOPMENT_TEAM = 4J6378W446;
				INFOPLIST_FILE = "SportsTeamManager/Supporting Files/Info.plist";
				LD_RUNPATH_SEARCH_PATHS = (
					"$(inherited)",
					"@executable_path/Frameworks",
				);
				PRODUCT_BUNDLE_IDENTIFIER = ru.EvgenyNovgorodov.SportsTeamManager;
				PRODUCT_NAME = "$(TARGET_NAME)";
				SWIFT_VERSION = 5.0;
				TARGETED_DEVICE_FAMILY = 1;
			};
			name = Debug;
		};
		CE4883E825B4ACEA00BCB7F9 /* Release */ = {
			isa = XCBuildConfiguration;
			buildSettings = {
				ASSETCATALOG_COMPILER_APPICON_NAME = AppIcon;
				ASSETCATALOG_COMPILER_GLOBAL_ACCENT_COLOR_NAME = AccentColor;
				CODE_SIGN_STYLE = Automatic;
				DEVELOPMENT_TEAM = 4J6378W446;
				INFOPLIST_FILE = "SportsTeamManager/Supporting Files/Info.plist";
				LD_RUNPATH_SEARCH_PATHS = (
					"$(inherited)",
					"@executable_path/Frameworks",
				);
				PRODUCT_BUNDLE_IDENTIFIER = ru.EvgenyNovgorodov.SportsTeamManager;
				PRODUCT_NAME = "$(TARGET_NAME)";
				SWIFT_VERSION = 5.0;
				TARGETED_DEVICE_FAMILY = 1;
			};
			name = Release;
		};
/* End XCBuildConfiguration section */

/* Begin XCConfigurationList section */
		CE4883CA25B4ACE600BCB7F9 /* Build configuration list for PBXProject "SportsTeamManager" */ = {
			isa = XCConfigurationList;
			buildConfigurations = (
				CE4883E425B4ACEA00BCB7F9 /* Debug */,
				CE4883E525B4ACEA00BCB7F9 /* Release */,
			);
			defaultConfigurationIsVisible = 0;
			defaultConfigurationName = Release;
		};
		CE4883E625B4ACEA00BCB7F9 /* Build configuration list for PBXNativeTarget "SportsTeamManager" */ = {
			isa = XCConfigurationList;
			buildConfigurations = (
				CE4883E725B4ACEA00BCB7F9 /* Debug */,
				CE4883E825B4ACEA00BCB7F9 /* Release */,
			);
			defaultConfigurationIsVisible = 0;
			defaultConfigurationName = Release;
		};
/* End XCConfigurationList section */

/* Begin XCVersionGroup section */
		CE4883DB25B4ACE700BCB7F9 /* SportsTeam.xcdatamodeld */ = {
			isa = XCVersionGroup;
			children = (
				CE4883DC25B4ACE700BCB7F9 /* SportsTeamManager.xcdatamodel */,
			);
			currentVersion = CE4883DC25B4ACE700BCB7F9 /* SportsTeamManager.xcdatamodel */;
			path = SportsTeam.xcdatamodeld;
			sourceTree = "<group>";
			versionGroupType = wrapper.xcdatamodel;
		};
/* End XCVersionGroup section */
	};
	rootObject = CE4883C725B4ACE600BCB7F9 /* Project object */;
}
